// !$*UTF8*$!
{
	archiveVersion = 1;
	classes = {
	};
	objectVersion = 77;
	objects = {

/* Begin PBXBuildFile section */
		532543812D7A289700D1D45F /* Logotype.swift in Sources */ = {isa = PBXBuildFile; fileRef = 532543802D7A289700D1D45F /* Logotype.swift */; };
		532543842D7A298300D1D45F /* LogotypeCell.swift in Sources */ = {isa = PBXBuildFile; fileRef = 532543832D7A298300D1D45F /* LogotypeCell.swift */; };
		532543882D7A2B6800D1D45F /* CollectionData.swift in Sources */ = {isa = PBXBuildFile; fileRef = 532543872D7A2B6800D1D45F /* CollectionData.swift */; };
		5325438A2D7A30DF00D1D45F /* MainViewController.ext.swift in Sources */ = {isa = PBXBuildFile; fileRef = 532543892D7A30DF00D1D45F /* MainViewController.ext.swift */; };
		534BE85A2D7E01CE001E8015 /* UIView.ext.swift in Sources */ = {isa = PBXBuildFile; fileRef = 534BE8592D7E01CE001E8015 /* UIView.ext.swift */; };
		534BE85D2D7E047F001E8015 /* BuyAndSell.swift in Sources */ = {isa = PBXBuildFile; fileRef = 534BE85C2D7E047F001E8015 /* BuyAndSell.swift */; };
		534BE85F2D7E05C8001E8015 /* BuyAndSellCell.swift in Sources */ = {isa = PBXBuildFile; fileRef = 534BE85E2D7E05C8001E8015 /* BuyAndSellCell.swift */; };
		534BE8622D7E12E6001E8015 /* TitleSection.swift in Sources */ = {isa = PBXBuildFile; fileRef = 534BE8612D7E12E6001E8015 /* TitleSection.swift */; };
		534BE8642D7E13B6001E8015 /* TitleSectionCell.swift in Sources */ = {isa = PBXBuildFile; fileRef = 534BE8632D7E13B6001E8015 /* TitleSectionCell.swift */; };
		535307872D737EF400A6CF08 /* ViewController.swift in Sources */ = {isa = PBXBuildFile; fileRef = 535307832D737EF400A6CF08 /* ViewController.swift */; };
		538570852D785D850047589D /* MainViewController.swift in Sources */ = {isa = PBXBuildFile; fileRef = 5385707F2D785D850047589D /* MainViewController.swift */; };
		538570862D785D850047589D /* PreviewPresenter.swift in Sources */ = {isa = PBXBuildFile; fileRef = 538570812D785D850047589D /* PreviewPresenter.swift */; };
		538570872D785D850047589D /* PreviewViewController.swift in Sources */ = {isa = PBXBuildFile; fileRef = 538570822D785D850047589D /* PreviewViewController.swift */; };
		5385708A2D785D8C0047589D /* UIBuilder.swift in Sources */ = {isa = PBXBuildFile; fileRef = 538570882D785D8C0047589D /* UIBuilder.swift */; };
		5385708F2D785D930047589D /* AppDelegate.swift in Sources */ = {isa = PBXBuildFile; fileRef = 5385708B2D785D930047589D /* AppDelegate.swift */; };
		538570902D785D930047589D /* SceneDelegate.swift in Sources */ = {isa = PBXBuildFile; fileRef = 5385708D2D785D930047589D /* SceneDelegate.swift */; };
		538570912D785D930047589D /* Assets.xcassets in Resources */ = {isa = PBXBuildFile; fileRef = 5385708C2D785D930047589D /* Assets.xcassets */; };
		538570972D78616D0047589D /* TabBarController.swift in Sources */ = {isa = PBXBuildFile; fileRef = 538570952D78616D0047589D /* TabBarController.swift */; };
		5385709A2D7861A20047589D /* SearchViewController.swift in Sources */ = {isa = PBXBuildFile; fileRef = 538570992D7861A20047589D /* SearchViewController.swift */; };
		5385709D2D78629A0047589D /* FavoriteViewController.swift in Sources */ = {isa = PBXBuildFile; fileRef = 5385709C2D78629A0047589D /* FavoriteViewController.swift */; };
		538570A02D7862D60047589D /* ServicesViewController.swift in Sources */ = {isa = PBXBuildFile; fileRef = 5385709F2D7862D60047589D /* ServicesViewController.swift */; };
		53940A3E2D8045B50056A303 /* ProductsHorizontal.swift in Sources */ = {isa = PBXBuildFile; fileRef = 53940A3D2D8045B50056A303 /* ProductsHorizontal.swift */; };
		53940A402D80474C0056A303 /* ProductsHorizontalCell.swift in Sources */ = {isa = PBXBuildFile; fileRef = 53940A3F2D80474C0056A303 /* ProductsHorizontalCell.swift */; };
		53940A442D80547D0056A303 /* ProductHorizontalItem.swift in Sources */ = {isa = PBXBuildFile; fileRef = 53940A432D80547D0056A303 /* ProductHorizontalItem.swift */; };
		53B29F5A2D7ED8D800E7E68D /* TitleForBlocks.swift in Sources */ = {isa = PBXBuildFile; fileRef = 53B29F592D7ED8D800E7E68D /* TitleForBlocks.swift */; };
		53B29F5C2D7ED8F200E7E68D /* TitleForBlocksCell.swift in Sources */ = {isa = PBXBuildFile; fileRef = 53B29F5B2D7ED8F200E7E68D /* TitleForBlocksCell.swift */; };
/* End PBXBuildFile section */

/* Begin PBXFileReference section */
		532543802D7A289700D1D45F /* Logotype.swift */ = {isa = PBXFileReference; lastKnownFileType = sourcecode.swift; path = Logotype.swift; sourceTree = "<group>"; };
		532543832D7A298300D1D45F /* LogotypeCell.swift */ = {isa = PBXFileReference; lastKnownFileType = sourcecode.swift; path = LogotypeCell.swift; sourceTree = "<group>"; };
		532543872D7A2B6800D1D45F /* CollectionData.swift */ = {isa = PBXFileReference; lastKnownFileType = sourcecode.swift; path = CollectionData.swift; sourceTree = "<group>"; };
		532543892D7A30DF00D1D45F /* MainViewController.ext.swift */ = {isa = PBXFileReference; lastKnownFileType = sourcecode.swift; path = MainViewController.ext.swift; sourceTree = "<group>"; };
		534BE8592D7E01CE001E8015 /* UIView.ext.swift */ = {isa = PBXFileReference; lastKnownFileType = sourcecode.swift; path = UIView.ext.swift; sourceTree = "<group>"; };
		534BE85C2D7E047F001E8015 /* BuyAndSell.swift */ = {isa = PBXFileReference; lastKnownFileType = sourcecode.swift; path = BuyAndSell.swift; sourceTree = "<group>"; };
		534BE85E2D7E05C8001E8015 /* BuyAndSellCell.swift */ = {isa = PBXFileReference; lastKnownFileType = sourcecode.swift; path = BuyAndSellCell.swift; sourceTree = "<group>"; };
		534BE8612D7E12E6001E8015 /* TitleSection.swift */ = {isa = PBXFileReference; lastKnownFileType = sourcecode.swift; path = TitleSection.swift; sourceTree = "<group>"; };
		534BE8632D7E13B6001E8015 /* TitleSectionCell.swift */ = {isa = PBXFileReference; lastKnownFileType = sourcecode.swift; path = TitleSectionCell.swift; sourceTree = "<group>"; };
		535307672D737EB000A6CF08 /* construction-webdmitriev.app */ = {isa = PBXFileReference; explicitFileType = wrapper.application; includeInIndex = 0; path = "construction-webdmitriev.app"; sourceTree = BUILT_PRODUCTS_DIR; };
		535307812D737EF400A6CF08 /* Info.plist */ = {isa = PBXFileReference; lastKnownFileType = text.plist.xml; path = Info.plist; sourceTree = "<group>"; };
		535307832D737EF400A6CF08 /* ViewController.swift */ = {isa = PBXFileReference; lastKnownFileType = sourcecode.swift; path = ViewController.swift; sourceTree = "<group>"; };
		5385707F2D785D850047589D /* MainViewController.swift */ = {isa = PBXFileReference; lastKnownFileType = sourcecode.swift; path = MainViewController.swift; sourceTree = "<group>"; };
		538570812D785D850047589D /* PreviewPresenter.swift */ = {isa = PBXFileReference; lastKnownFileType = sourcecode.swift; path = PreviewPresenter.swift; sourceTree = "<group>"; };
		538570822D785D850047589D /* PreviewViewController.swift */ = {isa = PBXFileReference; lastKnownFileType = sourcecode.swift; path = PreviewViewController.swift; sourceTree = "<group>"; };
		538570882D785D8C0047589D /* UIBuilder.swift */ = {isa = PBXFileReference; lastKnownFileType = sourcecode.swift; path = UIBuilder.swift; sourceTree = "<group>"; };
		5385708B2D785D930047589D /* AppDelegate.swift */ = {isa = PBXFileReference; lastKnownFileType = sourcecode.swift; path = AppDelegate.swift; sourceTree = "<group>"; };
		5385708C2D785D930047589D /* Assets.xcassets */ = {isa = PBXFileReference; lastKnownFileType = folder.assetcatalog; path = Assets.xcassets; sourceTree = "<group>"; };
		5385708D2D785D930047589D /* SceneDelegate.swift */ = {isa = PBXFileReference; lastKnownFileType = sourcecode.swift; path = SceneDelegate.swift; sourceTree = "<group>"; };
		538570952D78616D0047589D /* TabBarController.swift */ = {isa = PBXFileReference; lastKnownFileType = sourcecode.swift; path = TabBarController.swift; sourceTree = "<group>"; };
		538570992D7861A20047589D /* SearchViewController.swift */ = {isa = PBXFileReference; lastKnownFileType = sourcecode.swift; path = SearchViewController.swift; sourceTree = "<group>"; };
		5385709C2D78629A0047589D /* FavoriteViewController.swift */ = {isa = PBXFileReference; lastKnownFileType = sourcecode.swift; path = FavoriteViewController.swift; sourceTree = "<group>"; };
		5385709F2D7862D60047589D /* ServicesViewController.swift */ = {isa = PBXFileReference; lastKnownFileType = sourcecode.swift; path = ServicesViewController.swift; sourceTree = "<group>"; };
		53940A3D2D8045B50056A303 /* ProductsHorizontal.swift */ = {isa = PBXFileReference; lastKnownFileType = sourcecode.swift; path = ProductsHorizontal.swift; sourceTree = "<group>"; };
		53940A3F2D80474C0056A303 /* ProductsHorizontalCell.swift */ = {isa = PBXFileReference; lastKnownFileType = sourcecode.swift; path = ProductsHorizontalCell.swift; sourceTree = "<group>"; };
		53940A432D80547D0056A303 /* ProductHorizontalItem.swift */ = {isa = PBXFileReference; lastKnownFileType = sourcecode.swift; path = ProductHorizontalItem.swift; sourceTree = "<group>"; };
		53B29F592D7ED8D800E7E68D /* TitleForBlocks.swift */ = {isa = PBXFileReference; lastKnownFileType = sourcecode.swift; path = TitleForBlocks.swift; sourceTree = "<group>"; };
		53B29F5B2D7ED8F200E7E68D /* TitleForBlocksCell.swift */ = {isa = PBXFileReference; lastKnownFileType = sourcecode.swift; path = TitleForBlocksCell.swift; sourceTree = "<group>"; };
/* End PBXFileReference section */

/* Begin PBXFrameworksBuildPhase section */
		535307642D737EB000A6CF08 /* Frameworks */ = {
			isa = PBXFrameworksBuildPhase;
			buildActionMask = 2147483647;
			files = (
			);
			runOnlyForDeploymentPostprocessing = 0;
		};
/* End PBXFrameworksBuildPhase section */

/* Begin PBXGroup section */
		5325437C2D7A16CC00D1D45F /* Sections */ = {
			isa = PBXGroup;
			children = (
				532543822D7A296300D1D45F /* Logotype */,
				534BE8602D7E12C9001E8015 /* TitleSection */,
				534BE85B2D7E046E001E8015 /* BuyAndSell */,
				53B29F582D7ED86E00E7E68D /* TitleForBlocks */,
				53940A3C2D80459A0056A303 /* ProductsHorizontal */,
			);
			path = Sections;
			sourceTree = "<group>";
		};
		5325437D2D7A183D00D1D45F /* Helpers */ = {
			isa = PBXGroup;
			children = (
				5325437E2D7A185900D1D45F /* Exstensions */,
				538570892D785D8C0047589D /* UIBuilder */,
			);
			path = Helpers;
			sourceTree = "<group>";
		};
		5325437E2D7A185900D1D45F /* Exstensions */ = {
			isa = PBXGroup;
			children = (
				534BE8592D7E01CE001E8015 /* UIView.ext.swift */,
			);
			path = Exstensions;
			sourceTree = "<group>";
		};
		532543822D7A296300D1D45F /* Logotype */ = {
			isa = PBXGroup;
			children = (
				532543802D7A289700D1D45F /* Logotype.swift */,
				532543832D7A298300D1D45F /* LogotypeCell.swift */,
			);
			path = Logotype;
			sourceTree = "<group>";
		};
		532543852D7A2B4B00D1D45F /* Model */ = {
			isa = PBXGroup;
			children = (
				532543872D7A2B6800D1D45F /* CollectionData.swift */,
			);
			path = Model;
			sourceTree = "<group>";
		};
		534BE85B2D7E046E001E8015 /* BuyAndSell */ = {
			isa = PBXGroup;
			children = (
				534BE85C2D7E047F001E8015 /* BuyAndSell.swift */,
				534BE85E2D7E05C8001E8015 /* BuyAndSellCell.swift */,
			);
			path = BuyAndSell;
			sourceTree = "<group>";
		};
		534BE8602D7E12C9001E8015 /* TitleSection */ = {
			isa = PBXGroup;
			children = (
				534BE8612D7E12E6001E8015 /* TitleSection.swift */,
				534BE8632D7E13B6001E8015 /* TitleSectionCell.swift */,
			);
			path = TitleSection;
			sourceTree = "<group>";
		};
		5353075E2D737EB000A6CF08 = {
			isa = PBXGroup;
			children = (
				535307842D737EF400A6CF08 /* construction-webdmitriev */,
				535307682D737EB000A6CF08 /* Products */,
			);
			sourceTree = "<group>";
		};
		535307682D737EB000A6CF08 /* Products */ = {
			isa = PBXGroup;
			children = (
				535307672D737EB000A6CF08 /* construction-webdmitriev.app */,
			);
			name = Products;
			sourceTree = "<group>";
		};
		535307842D737EF400A6CF08 /* construction-webdmitriev */ = {
			isa = PBXGroup;
			children = (
				5385708E2D785D930047589D /* Application */,
				5325437D2D7A183D00D1D45F /* Helpers */,
				53940A412D80545D0056A303 /* Components */,
				532543852D7A2B4B00D1D45F /* Model */,
				5325437C2D7A16CC00D1D45F /* Sections */,
				538570842D785D850047589D /* Screens */,
				535307812D737EF400A6CF08 /* Info.plist */,
				535307832D737EF400A6CF08 /* ViewController.swift */,
			);
			path = "construction-webdmitriev";
			sourceTree = "<group>";
		};
		538570802D785D850047589D /* Main */ = {
			isa = PBXGroup;
			children = (
				5385707F2D785D850047589D /* MainViewController.swift */,
				532543892D7A30DF00D1D45F /* MainViewController.ext.swift */,
			);
			path = Main;
			sourceTree = "<group>";
		};
		538570832D785D850047589D /* Preview */ = {
			isa = PBXGroup;
			children = (
				538570812D785D850047589D /* PreviewPresenter.swift */,
				538570822D785D850047589D /* PreviewViewController.swift */,
			);
			path = Preview;
			sourceTree = "<group>";
		};
		538570842D785D850047589D /* Screens */ = {
			isa = PBXGroup;
			children = (
				538570962D78616D0047589D /* TabBar */,
				538570832D785D850047589D /* Preview */,
				538570802D785D850047589D /* Main */,
				538570982D7861830047589D /* Search */,
				5385709B2D7862870047589D /* Favorite */,
				5385709E2D7862C40047589D /* Services */,
			);
			path = Screens;
			sourceTree = "<group>";
		};
		538570892D785D8C0047589D /* UIBuilder */ = {
			isa = PBXGroup;
			children = (
				538570882D785D8C0047589D /* UIBuilder.swift */,
			);
			path = UIBuilder;
			sourceTree = "<group>";
		};
		5385708E2D785D930047589D /* Application */ = {
			isa = PBXGroup;
			children = (
				5385708B2D785D930047589D /* AppDelegate.swift */,
				5385708C2D785D930047589D /* Assets.xcassets */,
				5385708D2D785D930047589D /* SceneDelegate.swift */,
			);
			path = Application;
			sourceTree = "<group>";
		};
		538570962D78616D0047589D /* TabBar */ = {
			isa = PBXGroup;
			children = (
				538570952D78616D0047589D /* TabBarController.swift */,
			);
			path = TabBar;
			sourceTree = "<group>";
		};
		538570982D7861830047589D /* Search */ = {
			isa = PBXGroup;
			children = (
				538570992D7861A20047589D /* SearchViewController.swift */,
			);
			path = Search;
			sourceTree = "<group>";
		};
		5385709B2D7862870047589D /* Favorite */ = {
			isa = PBXGroup;
			children = (
				5385709C2D78629A0047589D /* FavoriteViewController.swift */,
			);
			path = Favorite;
			sourceTree = "<group>";
		};
		5385709E2D7862C40047589D /* Services */ = {
			isa = PBXGroup;
			children = (
				5385709F2D7862D60047589D /* ServicesViewController.swift */,
			);
			path = Services;
			sourceTree = "<group>";
		};
		53940A3C2D80459A0056A303 /* ProductsHorizontal */ = {
			isa = PBXGroup;
			children = (
				53940A3D2D8045B50056A303 /* ProductsHorizontal.swift */,
				53940A3F2D80474C0056A303 /* ProductsHorizontalCell.swift */,
			);
			path = ProductsHorizontal;
			sourceTree = "<group>";
		};
		53940A412D80545D0056A303 /* Components */ = {
			isa = PBXGroup;
			children = (
				53940A422D8054680056A303 /* Products */,
			);
			path = Components;
			sourceTree = "<group>";
		};
		53940A422D8054680056A303 /* Products */ = {
			isa = PBXGroup;
			children = (
				53940A432D80547D0056A303 /* ProductHorizontalItem.swift */,
			);
			path = Products;
			sourceTree = "<group>";
		};
		53B29F582D7ED86E00E7E68D /* TitleForBlocks */ = {
			isa = PBXGroup;
			children = (
				53B29F592D7ED8D800E7E68D /* TitleForBlocks.swift */,
				53B29F5B2D7ED8F200E7E68D /* TitleForBlocksCell.swift */,
			);
			path = TitleForBlocks;
			sourceTree = "<group>";
		};
/* End PBXGroup section */

/* Begin PBXNativeTarget section */
		535307662D737EB000A6CF08 /* construction-webdmitriev */ = {
			isa = PBXNativeTarget;
			buildConfigurationList = 5353077A2D737EB200A6CF08 /* Build configuration list for PBXNativeTarget "construction-webdmitriev" */;
			buildPhases = (
				535307632D737EB000A6CF08 /* Sources */,
				535307642D737EB000A6CF08 /* Frameworks */,
				535307652D737EB000A6CF08 /* Resources */,
			);
			buildRules = (
			);
			dependencies = (
			);
			name = "construction-webdmitriev";
			packageProductDependencies = (
			);
			productName = "construction-webdmitriev";
			productReference = 535307672D737EB000A6CF08 /* construction-webdmitriev.app */;
			productType = "com.apple.product-type.application";
		};
/* End PBXNativeTarget section */

/* Begin PBXProject section */
		5353075F2D737EB000A6CF08 /* Project object */ = {
			isa = PBXProject;
			attributes = {
				BuildIndependentTargetsInParallel = 1;
				LastSwiftUpdateCheck = 1620;
				LastUpgradeCheck = 1620;
				TargetAttributes = {
					535307662D737EB000A6CF08 = {
						CreatedOnToolsVersion = 16.2;
					};
				};
			};
			buildConfigurationList = 535307622D737EB000A6CF08 /* Build configuration list for PBXProject "construction-webdmitriev" */;
			developmentRegion = en;
			hasScannedForEncodings = 0;
			knownRegions = (
				en,
				Base,
			);
			mainGroup = 5353075E2D737EB000A6CF08;
			minimizedProjectReferenceProxies = 1;
			preferredProjectObjectVersion = 77;
			productRefGroup = 535307682D737EB000A6CF08 /* Products */;
			projectDirPath = "";
			projectRoot = "";
			targets = (
				535307662D737EB000A6CF08 /* construction-webdmitriev */,
			);
		};
/* End PBXProject section */

/* Begin PBXResourcesBuildPhase section */
		535307652D737EB000A6CF08 /* Resources */ = {
			isa = PBXResourcesBuildPhase;
			buildActionMask = 2147483647;
			files = (
				538570912D785D930047589D /* Assets.xcassets in Resources */,
			);
			runOnlyForDeploymentPostprocessing = 0;
		};
/* End PBXResourcesBuildPhase section */

/* Begin PBXSourcesBuildPhase section */
		535307632D737EB000A6CF08 /* Sources */ = {
			isa = PBXSourcesBuildPhase;
			buildActionMask = 2147483647;
			files = (
				532543842D7A298300D1D45F /* LogotypeCell.swift in Sources */,
				538570852D785D850047589D /* MainViewController.swift in Sources */,
				538570972D78616D0047589D /* TabBarController.swift in Sources */,
				534BE85A2D7E01CE001E8015 /* UIView.ext.swift in Sources */,
				534BE8642D7E13B6001E8015 /* TitleSectionCell.swift in Sources */,
				5385708F2D785D930047589D /* AppDelegate.swift in Sources */,
				5385709A2D7861A20047589D /* SearchViewController.swift in Sources */,
				53940A3E2D8045B50056A303 /* ProductsHorizontal.swift in Sources */,
				5385709D2D78629A0047589D /* FavoriteViewController.swift in Sources */,
				534BE85D2D7E047F001E8015 /* BuyAndSell.swift in Sources */,
				534BE8622D7E12E6001E8015 /* TitleSection.swift in Sources */,
				538570902D785D930047589D /* SceneDelegate.swift in Sources */,
				5385708A2D785D8C0047589D /* UIBuilder.swift in Sources */,
				53B29F5C2D7ED8F200E7E68D /* TitleForBlocksCell.swift in Sources */,
				5325438A2D7A30DF00D1D45F /* MainViewController.ext.swift in Sources */,
				53940A442D80547D0056A303 /* ProductHorizontalItem.swift in Sources */,
				538570862D785D850047589D /* PreviewPresenter.swift in Sources */,
				534BE85F2D7E05C8001E8015 /* BuyAndSellCell.swift in Sources */,
				53B29F5A2D7ED8D800E7E68D /* TitleForBlocks.swift in Sources */,
				532543882D7A2B6800D1D45F /* CollectionData.swift in Sources */,
				538570872D785D850047589D /* PreviewViewController.swift in Sources */,
				538570A02D7862D60047589D /* ServicesViewController.swift in Sources */,
				53940A402D80474C0056A303 /* ProductsHorizontalCell.swift in Sources */,
				535307872D737EF400A6CF08 /* ViewController.swift in Sources */,
				532543812D7A289700D1D45F /* Logotype.swift in Sources */,
			);
			runOnlyForDeploymentPostprocessing = 0;
		};
/* End PBXSourcesBuildPhase section */

/* Begin XCBuildConfiguration section */
		5353077B2D737EB200A6CF08 /* Debug */ = {
			isa = XCBuildConfiguration;
			buildSettings = {
				ASSETCATALOG_COMPILER_APPICON_NAME = AppIcon;
				ASSETCATALOG_COMPILER_GLOBAL_ACCENT_COLOR_NAME = AccentColor;
				CODE_SIGN_STYLE = Automatic;
				CURRENT_PROJECT_VERSION = 1;
				DEVELOPMENT_TEAM = 6LSSFY6N8C;
				GENERATE_INFOPLIST_FILE = YES;
				INFOPLIST_FILE = "construction-webdmitriev/Info.plist";
				INFOPLIST_KEY_UIApplicationSupportsIndirectInputEvents = YES;
				INFOPLIST_KEY_UILaunchStoryboardName = LaunchScreen;
				INFOPLIST_KEY_UISupportedInterfaceOrientations = UIInterfaceOrientationPortrait;
				INFOPLIST_KEY_UISupportedInterfaceOrientations_iPad = "UIInterfaceOrientationLandscapeLeft UIInterfaceOrientationLandscapeRight UIInterfaceOrientationPortrait UIInterfaceOrientationPortraitUpsideDown";
				IPHONEOS_DEPLOYMENT_TARGET = 16.6;
				LD_RUNPATH_SEARCH_PATHS = (
					"$(inherited)",
					"@executable_path/Frameworks",
				);
				MARKETING_VERSION = 1.0;
				PRODUCT_BUNDLE_IDENTIFIER = "com.webdmitriev.construction-webdmitriev";
				PRODUCT_NAME = "$(TARGET_NAME)";
				SUPPORTED_PLATFORMS = "iphoneos iphonesimulator";
				SUPPORTS_MACCATALYST = NO;
				SUPPORTS_MAC_DESIGNED_FOR_IPHONE_IPAD = NO;
				SUPPORTS_XR_DESIGNED_FOR_IPHONE_IPAD = NO;
				SWIFT_EMIT_LOC_STRINGS = YES;
				SWIFT_VERSION = 5.0;
				TARGETED_DEVICE_FAMILY = 1;
			};
			name = Debug;
		};
		5353077C2D737EB200A6CF08 /* Release */ = {
			isa = XCBuildConfiguration;
			buildSettings = {
				ASSETCATALOG_COMPILER_APPICON_NAME = AppIcon;
				ASSETCATALOG_COMPILER_GLOBAL_ACCENT_COLOR_NAME = AccentColor;
				CODE_SIGN_STYLE = Automatic;
				CURRENT_PROJECT_VERSION = 1;
				DEVELOPMENT_TEAM = 6LSSFY6N8C;
				GENERATE_INFOPLIST_FILE = YES;
				INFOPLIST_FILE = "construction-webdmitriev/Info.plist";
				INFOPLIST_KEY_UIApplicationSupportsIndirectInputEvents = YES;
				INFOPLIST_KEY_UILaunchStoryboardName = LaunchScreen;
				INFOPLIST_KEY_UISupportedInterfaceOrientations = UIInterfaceOrientationPortrait;
				INFOPLIST_KEY_UISupportedInterfaceOrientations_iPad = "UIInterfaceOrientationLandscapeLeft UIInterfaceOrientationLandscapeRight UIInterfaceOrientationPortrait UIInterfaceOrientationPortraitUpsideDown";
				IPHONEOS_DEPLOYMENT_TARGET = 16.6;
				LD_RUNPATH_SEARCH_PATHS = (
					"$(inherited)",
					"@executable_path/Frameworks",
				);
				MARKETING_VERSION = 1.0;
				PRODUCT_BUNDLE_IDENTIFIER = "com.webdmitriev.construction-webdmitriev";
				PRODUCT_NAME = "$(TARGET_NAME)";
				SUPPORTED_PLATFORMS = "iphoneos iphonesimulator";
				SUPPORTS_MACCATALYST = NO;
				SUPPORTS_MAC_DESIGNED_FOR_IPHONE_IPAD = NO;
				SUPPORTS_XR_DESIGNED_FOR_IPHONE_IPAD = NO;
				SWIFT_EMIT_LOC_STRINGS = YES;
				SWIFT_VERSION = 5.0;
				TARGETED_DEVICE_FAMILY = 1;
			};
			name = Release;
		};
		5353077D2D737EB200A6CF08 /* Debug */ = {
			isa = XCBuildConfiguration;
			buildSettings = {
				ALWAYS_SEARCH_USER_PATHS = NO;
				ASSETCATALOG_COMPILER_GENERATE_SWIFT_ASSET_SYMBOL_EXTENSIONS = YES;
				CLANG_ANALYZER_NONNULL = YES;
				CLANG_ANALYZER_NUMBER_OBJECT_CONVERSION = YES_AGGRESSIVE;
				CLANG_CXX_LANGUAGE_STANDARD = "gnu++20";
				CLANG_ENABLE_MODULES = YES;
				CLANG_ENABLE_OBJC_ARC = YES;
				CLANG_ENABLE_OBJC_WEAK = YES;
				CLANG_WARN_BLOCK_CAPTURE_AUTORELEASING = YES;
				CLANG_WARN_BOOL_CONVERSION = YES;
				CLANG_WARN_COMMA = YES;
				CLANG_WARN_CONSTANT_CONVERSION = YES;
				CLANG_WARN_DEPRECATED_OBJC_IMPLEMENTATIONS = YES;
				CLANG_WARN_DIRECT_OBJC_ISA_USAGE = YES_ERROR;
				CLANG_WARN_DOCUMENTATION_COMMENTS = YES;
				CLANG_WARN_EMPTY_BODY = YES;
				CLANG_WARN_ENUM_CONVERSION = YES;
				CLANG_WARN_INFINITE_RECURSION = YES;
				CLANG_WARN_INT_CONVERSION = YES;
				CLANG_WARN_NON_LITERAL_NULL_CONVERSION = YES;
				CLANG_WARN_OBJC_IMPLICIT_RETAIN_SELF = YES;
				CLANG_WARN_OBJC_LITERAL_CONVERSION = YES;
				CLANG_WARN_OBJC_ROOT_CLASS = YES_ERROR;
				CLANG_WARN_QUOTED_INCLUDE_IN_FRAMEWORK_HEADER = YES;
				CLANG_WARN_RANGE_LOOP_ANALYSIS = YES;
				CLANG_WARN_STRICT_PROTOTYPES = YES;
				CLANG_WARN_SUSPICIOUS_MOVE = YES;
				CLANG_WARN_UNGUARDED_AVAILABILITY = YES_AGGRESSIVE;
				CLANG_WARN_UNREACHABLE_CODE = YES;
				CLANG_WARN__DUPLICATE_METHOD_MATCH = YES;
				COPY_PHASE_STRIP = NO;
				DEBUG_INFORMATION_FORMAT = dwarf;
				ENABLE_STRICT_OBJC_MSGSEND = YES;
				ENABLE_TESTABILITY = YES;
				ENABLE_USER_SCRIPT_SANDBOXING = YES;
				GCC_C_LANGUAGE_STANDARD = gnu17;
				GCC_DYNAMIC_NO_PIC = NO;
				GCC_NO_COMMON_BLOCKS = YES;
				GCC_OPTIMIZATION_LEVEL = 0;
				GCC_PREPROCESSOR_DEFINITIONS = (
					"DEBUG=1",
					"$(inherited)",
				);
				GCC_WARN_64_TO_32_BIT_CONVERSION = YES;
				GCC_WARN_ABOUT_RETURN_TYPE = YES_ERROR;
				GCC_WARN_UNDECLARED_SELECTOR = YES;
				GCC_WARN_UNINITIALIZED_AUTOS = YES_AGGRESSIVE;
				GCC_WARN_UNUSED_FUNCTION = YES;
				GCC_WARN_UNUSED_VARIABLE = YES;
				IPHONEOS_DEPLOYMENT_TARGET = 18.2;
				LOCALIZATION_PREFERS_STRING_CATALOGS = YES;
				MTL_ENABLE_DEBUG_INFO = INCLUDE_SOURCE;
				MTL_FAST_MATH = YES;
				ONLY_ACTIVE_ARCH = YES;
				SDKROOT = iphoneos;
				SWIFT_ACTIVE_COMPILATION_CONDITIONS = "DEBUG $(inherited)";
				SWIFT_OPTIMIZATION_LEVEL = "-Onone";
			};
			name = Debug;
		};
		5353077E2D737EB200A6CF08 /* Release */ = {
			isa = XCBuildConfiguration;
			buildSettings = {
				ALWAYS_SEARCH_USER_PATHS = NO;
				ASSETCATALOG_COMPILER_GENERATE_SWIFT_ASSET_SYMBOL_EXTENSIONS = YES;
				CLANG_ANALYZER_NONNULL = YES;
				CLANG_ANALYZER_NUMBER_OBJECT_CONVERSION = YES_AGGRESSIVE;
				CLANG_CXX_LANGUAGE_STANDARD = "gnu++20";
				CLANG_ENABLE_MODULES = YES;
				CLANG_ENABLE_OBJC_ARC = YES;
				CLANG_ENABLE_OBJC_WEAK = YES;
				CLANG_WARN_BLOCK_CAPTURE_AUTORELEASING = YES;
				CLANG_WARN_BOOL_CONVERSION = YES;
				CLANG_WARN_COMMA = YES;
				CLANG_WARN_CONSTANT_CONVERSION = YES;
				CLANG_WARN_DEPRECATED_OBJC_IMPLEMENTATIONS = YES;
				CLANG_WARN_DIRECT_OBJC_ISA_USAGE = YES_ERROR;
				CLANG_WARN_DOCUMENTATION_COMMENTS = YES;
				CLANG_WARN_EMPTY_BODY = YES;
				CLANG_WARN_ENUM_CONVERSION = YES;
				CLANG_WARN_INFINITE_RECURSION = YES;
				CLANG_WARN_INT_CONVERSION = YES;
				CLANG_WARN_NON_LITERAL_NULL_CONVERSION = YES;
				CLANG_WARN_OBJC_IMPLICIT_RETAIN_SELF = YES;
				CLANG_WARN_OBJC_LITERAL_CONVERSION = YES;
				CLANG_WARN_OBJC_ROOT_CLASS = YES_ERROR;
				CLANG_WARN_QUOTED_INCLUDE_IN_FRAMEWORK_HEADER = YES;
				CLANG_WARN_RANGE_LOOP_ANALYSIS = YES;
				CLANG_WARN_STRICT_PROTOTYPES = YES;
				CLANG_WARN_SUSPICIOUS_MOVE = YES;
				CLANG_WARN_UNGUARDED_AVAILABILITY = YES_AGGRESSIVE;
				CLANG_WARN_UNREACHABLE_CODE = YES;
				CLANG_WARN__DUPLICATE_METHOD_MATCH = YES;
				COPY_PHASE_STRIP = NO;
				DEBUG_INFORMATION_FORMAT = "dwarf-with-dsym";
				ENABLE_NS_ASSERTIONS = NO;
				ENABLE_STRICT_OBJC_MSGSEND = YES;
				ENABLE_USER_SCRIPT_SANDBOXING = YES;
				GCC_C_LANGUAGE_STANDARD = gnu17;
				GCC_NO_COMMON_BLOCKS = YES;
				GCC_WARN_64_TO_32_BIT_CONVERSION = YES;
				GCC_WARN_ABOUT_RETURN_TYPE = YES_ERROR;
				GCC_WARN_UNDECLARED_SELECTOR = YES;
				GCC_WARN_UNINITIALIZED_AUTOS = YES_AGGRESSIVE;
				GCC_WARN_UNUSED_FUNCTION = YES;
				GCC_WARN_UNUSED_VARIABLE = YES;
				IPHONEOS_DEPLOYMENT_TARGET = 18.2;
				LOCALIZATION_PREFERS_STRING_CATALOGS = YES;
				MTL_ENABLE_DEBUG_INFO = NO;
				MTL_FAST_MATH = YES;
				SDKROOT = iphoneos;
				SWIFT_COMPILATION_MODE = wholemodule;
				VALIDATE_PRODUCT = YES;
			};
			name = Release;
		};
/* End XCBuildConfiguration section */

/* Begin XCConfigurationList section */
		535307622D737EB000A6CF08 /* Build configuration list for PBXProject "construction-webdmitriev" */ = {
			isa = XCConfigurationList;
			buildConfigurations = (
				5353077D2D737EB200A6CF08 /* Debug */,
				5353077E2D737EB200A6CF08 /* Release */,
			);
			defaultConfigurationIsVisible = 0;
			defaultConfigurationName = Release;
		};
		5353077A2D737EB200A6CF08 /* Build configuration list for PBXNativeTarget "construction-webdmitriev" */ = {
			isa = XCConfigurationList;
			buildConfigurations = (
				5353077B2D737EB200A6CF08 /* Debug */,
				5353077C2D737EB200A6CF08 /* Release */,
			);
			defaultConfigurationIsVisible = 0;
			defaultConfigurationName = Release;
		};
/* End XCConfigurationList section */
	};
	rootObject = 5353075F2D737EB000A6CF08 /* Project object */;
}
